
Microsoft Visual Studio Solution File, Format Version 12.00
# Visual Studio 15
VisualStudioVersion = 15.0.26124.0
MinimumVisualStudioVersion = 15.0.26124.0
Project("{2150E333-8FDC-42A3-9474-1A3956D46DE8}") = "src", "src", "{74860A94-2C72-4E16-AC85-11AD2E12B725}"
EndProject
Project("{FAE04EC0-301F-11D3-BF4B-00C04F79EFBC}") = "BeTheHero", "src\BeTheHero\BeTheHero.csproj", "{58AE08E3-9474-4F19-B02F-8A55A0D6D96F}"
EndProject
Project("{FAE04EC0-301F-11D3-BF4B-00C04F79EFBC}") = "BeTheHero.Essential", "src\BeTheHero.Essential\BeTheHero.Essential.csproj", "{1B59D583-FB38-49F6-9546-93949D554D7F}"
EndProject
Project("{2150E333-8FDC-42A3-9474-1A3956D46DE8}") = "test", "test", "{1C79DD6E-113E-4BA4-9AD6-B092747578BC}"
EndProject
Project("{FAE04EC0-301F-11D3-BF4B-00C04F79EFBC}") = "BeTheHero.Essential.Tests", "test\BeTheHero.Essential.Tests\BeTheHero.Essential.Tests.csproj", "{739ABB2A-F139-4870-A92A-365F928BFD63}"
EndProject
Project("{FAE04EC0-301F-11D3-BF4B-00C04F79EFBC}") = "BeTheHero.Api", "src\BeTheHero.Api\BeTheHero.Api.csproj", "{B835B42E-022D-4BF7-BC21-916EC17DF3F9}"
EndProject
Project("{FAE04EC0-301F-11D3-BF4B-00C04F79EFBC}") = "BeTheHero.Infra", "src\BeTheHero.Infra\BeTheHero.Infra.csproj", "{ED561E0E-4FAA-480E-B7D7-DA35AEAD2343}"
EndProject
Global
	GlobalSection(SolutionConfigurationPlatforms) = preSolution
		Debug|Any CPU = Debug|Any CPU
		Debug|x64 = Debug|x64
		Debug|x86 = Debug|x86
		Release|Any CPU = Release|Any CPU
		Release|x64 = Release|x64
		Release|x86 = Release|x86
	EndGlobalSection
	GlobalSection(SolutionProperties) = preSolution
		HideSolutionNode = FALSE
	EndGlobalSection
	GlobalSection(ProjectConfigurationPlatforms) = postSolution
		{58AE08E3-9474-4F19-B02F-8A55A0D6D96F}.Debug|Any CPU.ActiveCfg = Debug|Any CPU
		{58AE08E3-9474-4F19-B02F-8A55A0D6D96F}.Debug|Any CPU.Build.0 = Debug|Any CPU
		{58AE08E3-9474-4F19-B02F-8A55A0D6D96F}.Debug|x64.ActiveCfg = Debug|Any CPU
		{58AE08E3-9474-4F19-B02F-8A55A0D6D96F}.Debug|x64.Build.0 = Debug|Any CPU
		{58AE08E3-9474-4F19-B02F-8A55A0D6D96F}.Debug|x86.ActiveCfg = Debug|Any CPU
		{58AE08E3-9474-4F19-B02F-8A55A0D6D96F}.Debug|x86.Build.0 = Debug|Any CPU
		{58AE08E3-9474-4F19-B02F-8A55A0D6D96F}.Release|Any CPU.ActiveCfg = Release|Any CPU
		{58AE08E3-9474-4F19-B02F-8A55A0D6D96F}.Release|Any CPU.Build.0 = Release|Any CPU
		{58AE08E3-9474-4F19-B02F-8A55A0D6D96F}.Release|x64.ActiveCfg = Release|Any CPU
		{58AE08E3-9474-4F19-B02F-8A55A0D6D96F}.Release|x64.Build.0 = Release|Any CPU
		{58AE08E3-9474-4F19-B02F-8A55A0D6D96F}.Release|x86.ActiveCfg = Release|Any CPU
		{58AE08E3-9474-4F19-B02F-8A55A0D6D96F}.Release|x86.Build.0 = Release|Any CPU
		{1B59D583-FB38-49F6-9546-93949D554D7F}.Debug|Any CPU.ActiveCfg = Debug|Any CPU
		{1B59D583-FB38-49F6-9546-93949D554D7F}.Debug|Any CPU.Build.0 = Debug|Any CPU
		{1B59D583-FB38-49F6-9546-93949D554D7F}.Debug|x64.ActiveCfg = Debug|Any CPU
		{1B59D583-FB38-49F6-9546-93949D554D7F}.Debug|x64.Build.0 = Debug|Any CPU
		{1B59D583-FB38-49F6-9546-93949D554D7F}.Debug|x86.ActiveCfg = Debug|Any CPU
		{1B59D583-FB38-49F6-9546-93949D554D7F}.Debug|x86.Build.0 = Debug|Any CPU
		{1B59D583-FB38-49F6-9546-93949D554D7F}.Release|Any CPU.ActiveCfg = Release|Any CPU
		{1B59D583-FB38-49F6-9546-93949D554D7F}.Release|Any CPU.Build.0 = Release|Any CPU
		{1B59D583-FB38-49F6-9546-93949D554D7F}.Release|x64.ActiveCfg = Release|Any CPU
		{1B59D583-FB38-49F6-9546-93949D554D7F}.Release|x64.Build.0 = Release|Any CPU
		{1B59D583-FB38-49F6-9546-93949D554D7F}.Release|x86.ActiveCfg = Release|Any CPU
		{1B59D583-FB38-49F6-9546-93949D554D7F}.Release|x86.Build.0 = Release|Any CPU
		{739ABB2A-F139-4870-A92A-365F928BFD63}.Debug|Any CPU.ActiveCfg = Debug|Any CPU
		{739ABB2A-F139-4870-A92A-365F928BFD63}.Debug|Any CPU.Build.0 = Debug|Any CPU
		{739ABB2A-F139-4870-A92A-365F928BFD63}.Debug|x64.ActiveCfg = Debug|Any CPU
		{739ABB2A-F139-4870-A92A-365F928BFD63}.Debug|x64.Build.0 = Debug|Any CPU
		{739ABB2A-F139-4870-A92A-365F928BFD63}.Debug|x86.ActiveCfg = Debug|Any CPU
		{739ABB2A-F139-4870-A92A-365F928BFD63}.Debug|x86.Build.0 = Debug|Any CPU
		{739ABB2A-F139-4870-A92A-365F928BFD63}.Release|Any CPU.ActiveCfg = Release|Any CPU
		{739ABB2A-F139-4870-A92A-365F928BFD63}.Release|Any CPU.Build.0 = Release|Any CPU
		{739ABB2A-F139-4870-A92A-365F928BFD63}.Release|x64.ActiveCfg = Release|Any CPU
		{739ABB2A-F139-4870-A92A-365F928BFD63}.Release|x64.Build.0 = Release|Any CPU
		{739ABB2A-F139-4870-A92A-365F928BFD63}.Release|x86.ActiveCfg = Release|Any CPU
		{739ABB2A-F139-4870-A92A-365F928BFD63}.Release|x86.Build.0 = Release|Any CPU
		{B835B42E-022D-4BF7-BC21-916EC17DF3F9}.Debug|Any CPU.ActiveCfg = Debug|Any CPU
		{B835B42E-022D-4BF7-BC21-916EC17DF3F9}.Debug|Any CPU.Build.0 = Debug|Any CPU
		{B835B42E-022D-4BF7-BC21-916EC17DF3F9}.Debug|x64.ActiveCfg = Debug|Any CPU
		{B835B42E-022D-4BF7-BC21-916EC17DF3F9}.Debug|x64.Build.0 = Debug|Any CPU
		{B835B42E-022D-4BF7-BC21-916EC17DF3F9}.Debug|x86.ActiveCfg = Debug|Any CPU
		{B835B42E-022D-4BF7-BC21-916EC17DF3F9}.Debug|x86.Build.0 = Debug|Any CPU
		{B835B42E-022D-4BF7-BC21-916EC17DF3F9}.Release|Any CPU.ActiveCfg = Release|Any CPU
		{B835B42E-022D-4BF7-BC21-916EC17DF3F9}.Release|Any CPU.Build.0 = Release|Any CPU
		{B835B42E-022D-4BF7-BC21-916EC17DF3F9}.Release|x64.ActiveCfg = Release|Any CPU
		{B835B42E-022D-4BF7-BC21-916EC17DF3F9}.Release|x64.Build.0 = Release|Any CPU
		{B835B42E-022D-4BF7-BC21-916EC17DF3F9}.Release|x86.ActiveCfg = Release|Any CPU
		{B835B42E-022D-4BF7-BC21-916EC17DF3F9}.Release|x86.Build.0 = Release|Any CPU
		{ED561E0E-4FAA-480E-B7D7-DA35AEAD2343}.Debug|Any CPU.ActiveCfg = Debug|Any CPU
		{ED561E0E-4FAA-480E-B7D7-DA35AEAD2343}.Debug|Any CPU.Build.0 = Debug|Any CPU
		{ED561E0E-4FAA-480E-B7D7-DA35AEAD2343}.Debug|x64.ActiveCfg = Debug|Any CPU
		{ED561E0E-4FAA-480E-B7D7-DA35AEAD2343}.Debug|x64.Build.0 = Debug|Any CPU
		{ED561E0E-4FAA-480E-B7D7-DA35AEAD2343}.Debug|x86.ActiveCfg = Debug|Any CPU
		{ED561E0E-4FAA-480E-B7D7-DA35AEAD2343}.Debug|x86.Build.0 = Debug|Any CPU
		{ED561E0E-4FAA-480E-B7D7-DA35AEAD2343}.Release|Any CPU.ActiveCfg = Release|Any CPU
		{ED561E0E-4FAA-480E-B7D7-DA35AEAD2343}.Release|Any CPU.Build.0 = Release|Any CPU
		{ED561E0E-4FAA-480E-B7D7-DA35AEAD2343}.Release|x64.ActiveCfg = Release|Any CPU
		{ED561E0E-4FAA-480E-B7D7-DA35AEAD2343}.Release|x64.Build.0 = Release|Any CPU
		{ED561E0E-4FAA-480E-B7D7-DA35AEAD2343}.Release|x86.ActiveCfg = Release|Any CPU
		{ED561E0E-4FAA-480E-B7D7-DA35AEAD2343}.Release|x86.Build.0 = Release|Any CPU
	EndGlobalSection
	GlobalSection(NestedProjects) = preSolution
		{58AE08E3-9474-4F19-B02F-8A55A0D6D96F} = {74860A94-2C72-4E16-AC85-11AD2E12B725}
		{1B59D583-FB38-49F6-9546-93949D554D7F} = {74860A94-2C72-4E16-AC85-11AD2E12B725}
		{739ABB2A-F139-4870-A92A-365F928BFD63} = {1C79DD6E-113E-4BA4-9AD6-B092747578BC}
		{B835B42E-022D-4BF7-BC21-916EC17DF3F9} = {74860A94-2C72-4E16-AC85-11AD2E12B725}
		{ED561E0E-4FAA-480E-B7D7-DA35AEAD2343} = {74860A94-2C72-4E16-AC85-11AD2E12B725}
	EndGlobalSection
EndGlobal
